github.com/golang/glog v1.1.2 h1:DVjP2PbBOzHyzA+dn3WhHIq4NdVu3Q+pvivFICf/7fo=
github.com/golang/glog v1.1.2/go.mod h1:zR+okUeTbrL6EL3xHUDxZuEtGv04p5shwip1+mL/rLQ=
github.com/pitstopcloud/virtualbox-go v0.0.0-20200813004450-d5ba1da544c4 h1:0o0/ticV13jnjuMZkaVumeMklJ989dOjWO5bWECaJBA=
github.com/pitstopcloud/virtualbox-go v0.0.0-20200813004450-d5ba1da544c4/go.mod h1:kIyFI5+GJtnvlfHg4XZfCZLv4yvNa0Fah2J4WHZVcuI=
github.com/uruddarraju/virtualbox-go v0.0.0-20200813004450-d5ba1da544c4 h1:9oMgTt7VxRZC8aOie4+ir1wBjgK+yWd2O0qTc0eMQcg=
github.com/uruddarraju/virtualbox-go v0.0.0-20200813004450-d5ba1da544c4/go.mod h1:tCOaCKgj+MEKz+rxz+700TBYAHIVWbIf8f0hJsNdpn8=
golang.org/x/sys v0.13.0 h1:Af8nKPmuFypiUBjVoU9V20FiaFXOcuZI21p0ycVYYGE=
golang.org/x/sys v0.13.0/go.mod h1:oPkhp1MJrh7nUepCBck5+mAzfO9JrbApNNgaTdGDITg=
