github.com/d4l3k/messagediff v1.2.1 h1:ZcAIMYsUg0EAp9X+tt8/enBE/Q8Yd5kzPynLyKptt9U=
github.com/d4l3k/messagediff v1.2.1/go.mod h1:Oozbb1TVXFac9FtSIxHBMnBCq2qeH/2KkEQxENCrlLo=
github.com/golang/glog v1.1.2 h1:DVjP2PbBOzHyzA+dn3WhHIq4NdVu3Q+pvivFICf/7fo=
github.com/golang/glog v1.1.2/go.mod h1:zR+okUeTbrL6EL3xHUDxZuEtGv04p5shwip1+mL/rLQ=
github.com/uruddarraju/virtualbox-go v0.0.0-20200813004450-d5ba1da544c4 h1:9oMgTt7VxRZC8aOie4+ir1wBjgK+yWd2O0qTc0eMQcg=
github.com/uruddarraju/virtualbox-go v0.0.0-20200813004450-d5ba1da544c4/go.mod h1:tCOaCKgj+MEKz+rxz+700TBYAHIVWbIf8f0hJsNdpn8=
golang.org/x/sys v0.13.0 h1:Af8nKPmuFypiUBjVoU9V20FiaFXOcuZI21p0ycVYYGE=
golang.org/x/sys v0.13.0/go.mod h1:oPkhp1MJrh7nUepCBck5+mAzfO9JrbApNNgaTdGDITg=
gopkg.in/d4l3k/messagediff.v1 v1.2.1 h1:70AthpjunwzUiarMHyED52mj9UwtAnE89l1Gmrt3EU0=
gopkg.in/d4l3k/messagediff.v1 v1.2.1/go.mod h1:EUzikiKadqXWcD1AzJLagx0j/BeeWGtn++04Xniyg44=
